{
  "name": "my-raw-agent-sdk",
  "version": "0.1.0",
  "lockfileVersion": 3,
  "requires": true,
  "packages": {
    "": {
      "name": "my-raw-agent-sdk",
      "version": "0.1.0",
      "workspaces": [
        "apps/*",
        "packages/*"
      ],
      "dependencies": {
        "dotenv": "^17.3.1"
      },
      "devDependencies": {
        "@types/node": "^24.6.0",
        "typescript": "^5.9.3"
      },
      "engines": {
        "node": ">=22"
      }
    },
    "apps/cli": {
      "name": "@raw-agent/cli",
      "version": "0.1.0",
      "dependencies": {
        "@ppeng/agent-core": "0.1.0"
      }
    },
    "apps/daemon": {
      "name": "@raw-agent/daemon",
      "version": "0.1.0",
      "dependencies": {
        "@ppeng/agent-capability-gateway": "0.1.0",
        "@ppeng/agent-core": "0.1.0"
      }
    },
    "node_modules/@ppeng/agent-capability-gateway": {
      "resolved": "packages/capability-gateway",
      "link": true
    },
    "node_modules/@ppeng/agent-core": {
      "resolved": "packages/core",
      "link": true
    },
    "node_modules/@raw-agent/cli": {
      "resolved": "apps/cli",
      "link": true
    },
    "node_modules/@raw-agent/daemon": {
      "resolved": "apps/daemon",
      "link": true
    },
    "node_modules/@types/node": {
      "version": "24.12.0",
      "resolved": "https://registry.npmmirror.com/@types/node/-/node-24.12.0.tgz",
      "integrity": "sha512-GYDxsZi3ChgmckRT9HPU0WEhKLP08ev/Yfcq2AstjrDASOYCSXeyjDsHg4v5t4jOj7cyDX3vmprafKlWIG9MXQ==",
      "dev": true,
      "license": "MIT",
      "dependencies": {
        "undici-types": "~7.16.0"
      }
    },
    "node_modules/dotenv": {
      "version": "17.3.1",
      "resolved": "https://registry.npmmirror.com/dotenv/-/dotenv-17.3.1.tgz",
      "integrity": "sha512-IO8C/dzEb6O3F9/twg6ZLXz164a2fhTnEWb95H23Dm4OuN+92NmEAlTrupP9VW6Jm3sO26tQlqyvyi4CsnY9GA==",
      "license": "BSD-2-Clause",
      "engines": {
        "node": ">=12"
      },
      "funding": {
        "url": "https://dotenvx.com"
      }
    },
    "node_modules/typescript": {
      "version": "5.9.3",
      "resolved": "https://registry.npmmirror.com/typescript/-/typescript-5.9.3.tgz",
      "integrity": "sha512-jl1vZzPDinLr9eUt3J/t7V6FgNEw9QjvBPdysz9KfQDD41fQrC2Y4vKQdiaUpFT4bXlb1RHhLpp8wtm6M5TgSw==",
      "dev": true,
      "license": "Apache-2.0",
      "bin": {
        "tsc": "bin/tsc",
        "tsserver": "bin/tsserver"
      },
      "engines": {
        "node": ">=14.17"
      }
    },
    "node_modules/undici-types": {
      "version": "7.16.0",
      "resolved": "https://registry.npmmirror.com/undici-types/-/undici-types-7.16.0.tgz",
      "integrity": "sha512-Zz+aZWSj8LE6zoxD+xrjh4VfkIG8Ya6LvYkZqtUQGJPZjYl53ypCaUwWqo7eI0x66KBGeRo+mlBEkMSeSZ38Nw==",
      "dev": true,
      "license": "MIT"
    },
    "packages/capability-gateway": {
      "name": "@ppeng/agent-capability-gateway",
      "version": "0.1.0",
      "devDependencies": {
        "@ppeng/agent-core": "0.1.0"
      },
      "peerDependencies": {
        "@ppeng/agent-core": "0.1.0"
      }
    },
    "packages/core": {
      "name": "@ppeng/agent-core",
      "version": "0.1.0"
    }
  }
}
